
Microsoft Visual Studio Solution File, Format Version 12.00
# Visual Studio Version 16
VisualStudioVersion = 16.0.31624.102
MinimumVisualStudioVersion = 10.0.40219.1
Project("{9A19103F-16F7-4668-BE54-9A1E7A4F7556}") = "EFCore.Sample.Business", "EFCore.Sample.Business\EFCore.Sample.Business.csproj", "{08C68486-1C8A-4941-8A6C-2BD467D53511}"
EndProject
Project("{9A19103F-16F7-4668-BE54-9A1E7A4F7556}") = "EFCore.Sample.ORM", "EFCore.Sample.ORM\EFCore.Sample.ORM.csproj", "{ECBA4820-70FA-4986-9C9C-C80566639A56}"
EndProject
Project("{9A19103F-16F7-4668-BE54-9A1E7A4F7556}") = "EFCore.Sample.Api", "EFCore.Sample.Api\EFCore.Sample.Api.csproj", "{45757C36-BDD0-409C-9B87-B1D3B7368CD7}"
EndProject
Project("{9A19103F-16F7-4668-BE54-9A1E7A4F7556}") = "EFCore.Sample.ExternalApi", "EFCore.Sample.ExternalApi\EFCore.Sample.ExternalApi.csproj", "{22E32B70-E5A0-4214-8D84-72EFE2DB5FB4}"
EndProject
Project("{FAE04EC0-301F-11D3-BF4B-00C04F79EFBC}") = "EFCore.Sample.NUnitTest", "EFCore.Sample.NUnitTest\EFCore.Sample.NUnitTest.csproj", "{8CA4F70A-16D3-4CD0-AE98-0F951A62A555}"
EndProject
Global
	GlobalSection(SolutionConfigurationPlatforms) = preSolution
		Debug|Any CPU = Debug|Any CPU
		Release|Any CPU = Release|Any CPU
	EndGlobalSection
	GlobalSection(ProjectConfigurationPlatforms) = postSolution
		{08C68486-1C8A-4941-8A6C-2BD467D53511}.Debug|Any CPU.ActiveCfg = Debug|Any CPU
		{08C68486-1C8A-4941-8A6C-2BD467D53511}.Debug|Any CPU.Build.0 = Debug|Any CPU
		{08C68486-1C8A-4941-8A6C-2BD467D53511}.Release|Any CPU.ActiveCfg = Release|Any CPU
		{08C68486-1C8A-4941-8A6C-2BD467D53511}.Release|Any CPU.Build.0 = Release|Any CPU
		{ECBA4820-70FA-4986-9C9C-C80566639A56}.Debug|Any CPU.ActiveCfg = Debug|Any CPU
		{ECBA4820-70FA-4986-9C9C-C80566639A56}.Debug|Any CPU.Build.0 = Debug|Any CPU
		{ECBA4820-70FA-4986-9C9C-C80566639A56}.Release|Any CPU.ActiveCfg = Release|Any CPU
		{ECBA4820-70FA-4986-9C9C-C80566639A56}.Release|Any CPU.Build.0 = Release|Any CPU
		{45757C36-BDD0-409C-9B87-B1D3B7368CD7}.Debug|Any CPU.ActiveCfg = Debug|Any CPU
		{45757C36-BDD0-409C-9B87-B1D3B7368CD7}.Debug|Any CPU.Build.0 = Debug|Any CPU
		{45757C36-BDD0-409C-9B87-B1D3B7368CD7}.Release|Any CPU.ActiveCfg = Release|Any CPU
		{45757C36-BDD0-409C-9B87-B1D3B7368CD7}.Release|Any CPU.Build.0 = Release|Any CPU
		{22E32B70-E5A0-4214-8D84-72EFE2DB5FB4}.Debug|Any CPU.ActiveCfg = Debug|Any CPU
		{22E32B70-E5A0-4214-8D84-72EFE2DB5FB4}.Debug|Any CPU.Build.0 = Debug|Any CPU
		{22E32B70-E5A0-4214-8D84-72EFE2DB5FB4}.Release|Any CPU.ActiveCfg = Release|Any CPU
		{22E32B70-E5A0-4214-8D84-72EFE2DB5FB4}.Release|Any CPU.Build.0 = Release|Any CPU
		{8CA4F70A-16D3-4CD0-AE98-0F951A62A555}.Debug|Any CPU.ActiveCfg = Debug|Any CPU
		{8CA4F70A-16D3-4CD0-AE98-0F951A62A555}.Debug|Any CPU.Build.0 = Debug|Any CPU
		{8CA4F70A-16D3-4CD0-AE98-0F951A62A555}.Release|Any CPU.ActiveCfg = Release|Any CPU
		{8CA4F70A-16D3-4CD0-AE98-0F951A62A555}.Release|Any CPU.Build.0 = Release|Any CPU
	EndGlobalSection
	GlobalSection(SolutionProperties) = preSolution
		HideSolutionNode = FALSE
	EndGlobalSection
	GlobalSection(ExtensibilityGlobals) = postSolution
		SolutionGuid = {2696AF30-8F60-4D1D-A9BA-B8729A05493D}
	EndGlobalSection
EndGlobal
